// !$*UTF8*$!
{
	archiveVersion = 1;
	classes = {
	};
	objectVersion = 55;
	objects = {

/* Begin PBXBuildFile section */
		CF8634D3276DBF9C005AFB04 /* AppDelegate.swift in Sources */ = {isa = PBXBuildFile; fileRef = CF8634D2276DBF9C005AFB04 /* AppDelegate.swift */; };
		CF8634D5276DBF9C005AFB04 /* SceneDelegate.swift in Sources */ = {isa = PBXBuildFile; fileRef = CF8634D4276DBF9C005AFB04 /* SceneDelegate.swift */; };
		CF8634D7276DBF9C005AFB04 /* ViewController.swift in Sources */ = {isa = PBXBuildFile; fileRef = CF8634D6276DBF9C005AFB04 /* ViewController.swift */; };
		CF8634DA276DBF9C005AFB04 /* Main.storyboard in Resources */ = {isa = PBXBuildFile; fileRef = CF8634D8276DBF9C005AFB04 /* Main.storyboard */; };
		CF8634DC276DBF9E005AFB04 /* Assets.xcassets in Resources */ = {isa = PBXBuildFile; fileRef = CF8634DB276DBF9E005AFB04 /* Assets.xcassets */; };
		CF8634DF276DBF9E005AFB04 /* LaunchScreen.storyboard in Resources */ = {isa = PBXBuildFile; fileRef = CF8634DD276DBF9E005AFB04 /* LaunchScreen.storyboard */; };
		CF8634E8276DC017005AFB04 /* RxCocoa in Frameworks */ = {isa = PBXBuildFile; productRef = CF8634E7276DC017005AFB04 /* RxCocoa */; };
		CF8634EA276DC017005AFB04 /* RxSwift in Frameworks */ = {isa = PBXBuildFile; productRef = CF8634E9276DC017005AFB04 /* RxSwift */; };
/* End PBXBuildFile section */

/* Begin PBXFileReference section */
		CF8634CF276DBF9C005AFB04 /* RxSwiftIntro.app */ = {isa = PBXFileReference; explicitFileType = wrapper.application; includeInIndex = 0; path = RxSwiftIntro.app; sourceTree = BUILT_PRODUCTS_DIR; };
		CF8634D2276DBF9C005AFB04 /* AppDelegate.swift */ = {isa = PBXFileReference; lastKnownFileType = sourcecode.swift; path = AppDelegate.swift; sourceTree = "<group>"; };
		CF8634D4276DBF9C005AFB04 /* SceneDelegate.swift */ = {isa = PBXFileReference; lastKnownFileType = sourcecode.swift; path = SceneDelegate.swift; sourceTree = "<group>"; };
		CF8634D6276DBF9C005AFB04 /* ViewController.swift */ = {isa = PBXFileReference; lastKnownFileType = sourcecode.swift; path = ViewController.swift; sourceTree = "<group>"; };
		CF8634D9276DBF9C005AFB04 /* Base */ = {isa = PBXFileReference; lastKnownFileType = file.storyboard; name = Base; path = Base.lproj/Main.storyboard; sourceTree = "<group>"; };
		CF8634DB276DBF9E005AFB04 /* Assets.xcassets */ = {isa = PBXFileReference; lastKnownFileType = folder.assetcatalog; path = Assets.xcassets; sourceTree = "<group>"; };
		CF8634DE276DBF9E005AFB04 /* Base */ = {isa = PBXFileReference; lastKnownFileType = file.storyboard; name = Base; path = Base.lproj/LaunchScreen.storyboard; sourceTree = "<group>"; };
		CF8634E0276DBF9E005AFB04 /* Info.plist */ = {isa = PBXFileReference; lastKnownFileType = text.plist.xml; path = Info.plist; sourceTree = "<group>"; };
/* End PBXFileReference section */

/* Begin PBXFrameworksBuildPhase section */
		CF8634CC276DBF9C005AFB04 /* Frameworks */ = {
			isa = PBXFrameworksBuildPhase;
			buildActionMask = 2147483647;
			files = (
				CF8634EA276DC017005AFB04 /* RxSwift in Frameworks */,
				CF8634E8276DC017005AFB04 /* RxCocoa in Frameworks */,
			);
			runOnlyForDeploymentPostprocessing = 0;
		};
/* End PBXFrameworksBuildPhase section */

/* Begin PBXGroup section */
		CF8634C6276DBF9C005AFB04 = {
			isa = PBXGroup;
			children = (
				CF8634D1276DBF9C005AFB04 /* RxSwiftIntro */,
				CF8634D0276DBF9C005AFB04 /* Products */,
			);
			sourceTree = "<group>";
		};
		CF8634D0276DBF9C005AFB04 /* Products */ = {
			isa = PBXGroup;
			children = (
				CF8634CF276DBF9C005AFB04 /* RxSwiftIntro.app */,
			);
			name = Products;
			sourceTree = "<group>";
		};
		CF8634D1276DBF9C005AFB04 /* RxSwiftIntro */ = {
			isa = PBXGroup;
			children = (
				CF8634D2276DBF9C005AFB04 /* AppDelegate.swift */,
				CF8634D4276DBF9C005AFB04 /* SceneDelegate.swift */,
				CF8634D6276DBF9C005AFB04 /* ViewController.swift */,
				CF8634D8276DBF9C005AFB04 /* Main.storyboard */,
				CF8634DB276DBF9E005AFB04 /* Assets.xcassets */,
				CF8634DD276DBF9E005AFB04 /* LaunchScreen.storyboard */,
				CF8634E0276DBF9E005AFB04 /* Info.plist */,
			);
			path = RxSwiftIntro;
			sourceTree = "<group>";
		};
/* End PBXGroup section */

/* Begin PBXNativeTarget section */
		CF8634CE276DBF9C005AFB04 /* RxSwiftIntro */ = {
			isa = PBXNativeTarget;
			buildConfigurationList = CF8634E3276DBF9E005AFB04 /* Build configuration list for PBXNativeTarget "RxSwiftIntro" */;
			buildPhases = (
				CF8634CB276DBF9C005AFB04 /* Sources */,
				CF8634CC276DBF9C005AFB04 /* Frameworks */,
				CF8634CD276DBF9C005AFB04 /* Resources */,
			);
			buildRules = (
			);
			dependencies = (
			);
			name = RxSwiftIntro;
			packageProductDependencies = (
				CF8634E7276DC017005AFB04 /* RxCocoa */,
				CF8634E9276DC017005AFB04 /* RxSwift */,
			);
			productName = RxSwiftIntro;
			productReference = CF8634CF276DBF9C005AFB04 /* RxSwiftIntro.app */;
			productType = "com.apple.product-type.application";
		};
/* End PBXNativeTarget section */

/* Begin PBXProject section */
		CF8634C7276DBF9C005AFB04 /* Project object */ = {
			isa = PBXProject;
			attributes = {
				BuildIndependentTargetsInParallel = 1;
				LastSwiftUpdateCheck = 1310;
				LastUpgradeCheck = 1310;
				TargetAttributes = {
					CF8634CE276DBF9C005AFB04 = {
						CreatedOnToolsVersion = 13.1;
					};
				};
			};
			buildConfigurationList = CF8634CA276DBF9C005AFB04 /* Build configuration list for PBXProject "RxSwiftIntro" */;
			compatibilityVersion = "Xcode 13.0";
			developmentRegion = en;
			hasScannedForEncodings = 0;
			knownRegions = (
				en,
				Base,
			);
			mainGroup = CF8634C6276DBF9C005AFB04;
			packageReferences = (
				CF8634E6276DC017005AFB04 /* XCRemoteSwiftPackageReference "RxSwift" */,
			);
			productRefGroup = CF8634D0276DBF9C005AFB04 /* Products */;
			projectDirPath = "";
			projectRoot = "";
			targets = (
				CF8634CE276DBF9C005AFB04 /* RxSwiftIntro */,
			);
		};
/* End PBXProject section */

/* Begin PBXResourcesBuildPhase section */
		CF8634CD276DBF9C005AFB04 /* Resources */ = {
			isa = PBXResourcesBuildPhase;
			buildActionMask = 2147483647;
			files = (
				CF8634DF276DBF9E005AFB04 /* LaunchScreen.storyboard in Resources */,
				CF8634DC276DBF9E005AFB04 /* Assets.xcassets in Resources */,
				CF8634DA276DBF9C005AFB04 /* Main.storyboard in Resources */,
			);
			runOnlyForDeploymentPostprocessing = 0;
		};
/* End PBXResourcesBuildPhase section */

/* Begin PBXSourcesBuildPhase section */
		CF8634CB276DBF9C005AFB04 /* Sources */ = {
			isa = PBXSourcesBuildPhase;
			buildActionMask = 2147483647;
			files = (
				CF8634D7276DBF9C005AFB04 /* ViewController.swift in Sources */,
				CF8634D3276DBF9C005AFB04 /* AppDelegate.swift in Sources */,
				CF8634D5276DBF9C005AFB04 /* SceneDelegate.swift in Sources */,
			);
			runOnlyForDeploymentPostprocessing = 0;
		};
/* End PBXSourcesBuildPhase section */

/* Begin PBXVariantGroup section */
		CF8634D8276DBF9C005AFB04 /* Main.storyboard */ = {
			isa = PBXVariantGroup;
			children = (
				CF8634D9276DBF9C005AFB04 /* Base */,
			);
			name = Main.storyboard;
			sourceTree = "<group>";
		};
		CF8634DD276DBF9E005AFB04 /* LaunchScreen.storyboard */ = {
			isa = PBXVariantGroup;
			children = (
				CF8634DE276DBF9E005AFB04 /* Base */,
			);
			name = LaunchScreen.storyboard;
			sourceTree = "<group>";
		};
/* End PBXVariantGroup section */

/* Begin XCBuildConfiguration section */
		CF8634E1276DBF9E005AFB04 /* Debug */ = {
			isa = XCBuildConfiguration;
			buildSettings = {
				ALWAYS_SEARCH_USER_PATHS = NO;
				CLANG_ANALYZER_NONNULL = YES;
				CLANG_ANALYZER_NUMBER_OBJECT_CONVERSION = YES_AGGRESSIVE;
				CLANG_CXX_LANGUAGE_STANDARD = "gnu++17";
				CLANG_CXX_LIBRARY = "libc++";
				CLANG_ENABLE_MODULES = YES;
				CLANG_ENABLE_OBJC_ARC = YES;
				CLANG_ENABLE_OBJC_WEAK = YES;
				CLANG_WARN_BLOCK_CAPTURE_AUTORELEASING = YES;
				CLANG_WARN_BOOL_CONVERSION = YES;
				CLANG_WARN_COMMA = YES;
				CLANG_WARN_CONSTANT_CONVERSION = YES;
				CLANG_WARN_DEPRECATED_OBJC_IMPLEMENTATIONS = YES;
				CLANG_WARN_DIRECT_OBJC_ISA_USAGE = YES_ERROR;
				CLANG_WARN_DOCUMENTATION_COMMENTS = YES;
				CLANG_WARN_EMPTY_BODY = YES;
				CLANG_WARN_ENUM_CONVERSION = YES;
				CLANG_WARN_INFINITE_RECURSION = YES;
				CLANG_WARN_INT_CONVERSION = YES;
				CLANG_WARN_NON_LITERAL_NULL_CONVERSION = YES;
				CLANG_WARN_OBJC_IMPLICIT_RETAIN_SELF = YES;
				CLANG_WARN_OBJC_LITERAL_CONVERSION = YES;
				CLANG_WARN_OBJC_ROOT_CLASS = YES_ERROR;
				CLANG_WARN_QUOTED_INCLUDE_IN_FRAMEWORK_HEADER = YES;
				CLANG_WARN_RANGE_LOOP_ANALYSIS = YES;
				CLANG_WARN_STRICT_PROTOTYPES = YES;
				CLANG_WARN_SUSPICIOUS_MOVE = YES;
				CLANG_WARN_UNGUARDED_AVAILABILITY = YES_AGGRESSIVE;
				CLANG_WARN_UNREACHABLE_CODE = YES;
				CLANG_WARN__DUPLICATE_METHOD_MATCH = YES;
				COPY_PHASE_STRIP = NO;
				DEBUG_INFORMATION_FORMAT = dwarf;
				ENABLE_STRICT_OBJC_MSGSEND = YES;
				ENABLE_TESTABILITY = YES;
				GCC_C_LANGUAGE_STANDARD = gnu11;
				GCC_DYNAMIC_NO_PIC = NO;
				GCC_NO_COMMON_BLOCKS = YES;
				GCC_OPTIMIZATION_LEVEL = 0;
				GCC_PREPROCESSOR_DEFINITIONS = (
					"DEBUG=1",
					"$(inherited)",
				);
				GCC_WARN_64_TO_32_BIT_CONVERSION = YES;
				GCC_WARN_ABOUT_RETURN_TYPE = YES_ERROR;
				GCC_WARN_UNDECLARED_SELECTOR = YES;
				GCC_WARN_UNINITIALIZED_AUTOS = YES_AGGRESSIVE;
				GCC_WARN_UNUSED_FUNCTION = YES;
				GCC_WARN_UNUSED_VARIABLE = YES;
				IPHONEOS_DEPLOYMENT_TARGET = 15.0;
				MTL_ENABLE_DEBUG_INFO = INCLUDE_SOURCE;
				MTL_FAST_MATH = YES;
				ONLY_ACTIVE_ARCH = YES;
				SDKROOT = iphoneos;
				SWIFT_ACTIVE_COMPILATION_CONDITIONS = DEBUG;
				SWIFT_OPTIMIZATION_LEVEL = "-Onone";
			};
			name = Debug;
		};
		CF8634E2276DBF9E005AFB04 /* Release */ = {
			isa = XCBuildConfiguration;
			buildSettings = {
				ALWAYS_SEARCH_USER_PATHS = NO;
				CLANG_ANALYZER_NONNULL = YES;
				CLANG_ANALYZER_NUMBER_OBJECT_CONVERSION = YES_AGGRESSIVE;
				CLANG_CXX_LANGUAGE_STANDARD = "gnu++17";
				CLANG_CXX_LIBRARY = "libc++";
				CLANG_ENABLE_MODULES = YES;
				CLANG_ENABLE_OBJC_ARC = YES;
				CLANG_ENABLE_OBJC_WEAK = YES;
				CLANG_WARN_BLOCK_CAPTURE_AUTORELEASING = YES;
				CLANG_WARN_BOOL_CONVERSION = YES;
				CLANG_WARN_COMMA = YES;
				CLANG_WARN_CONSTANT_CONVERSION = YES;
				CLANG_WARN_DEPRECATED_OBJC_IMPLEMENTATIONS = YES;
				CLANG_WARN_DIRECT_OBJC_ISA_USAGE = YES_ERROR;
				CLANG_WARN_DOCUMENTATION_COMMENTS = YES;
				CLANG_WARN_EMPTY_BODY = YES;
				CLANG_WARN_ENUM_CONVERSION = YES;
				CLANG_WARN_INFINITE_RECURSION = YES;
				CLANG_WARN_INT_CONVERSION = YES;
				CLANG_WARN_NON_LITERAL_NULL_CONVERSION = YES;
				CLANG_WARN_OBJC_IMPLICIT_RETAIN_SELF = YES;
				CLANG_WARN_OBJC_LITERAL_CONVERSION = YES;
				CLANG_WARN_OBJC_ROOT_CLASS = YES_ERROR;
				CLANG_WARN_QUOTED_INCLUDE_IN_FRAMEWORK_HEADER = YES;
				CLANG_WARN_RANGE_LOOP_ANALYSIS = YES;
				CLANG_WARN_STRICT_PROTOTYPES = YES;
				CLANG_WARN_SUSPICIOUS_MOVE = YES;
				CLANG_WARN_UNGUARDED_AVAILABILITY = YES_AGGRESSIVE;
				CLANG_WARN_UNREACHABLE_CODE = YES;
				CLANG_WARN__DUPLICATE_METHOD_MATCH = YES;
				COPY_PHASE_STRIP = NO;
				DEBUG_INFORMATION_FORMAT = "dwarf-with-dsym";
				ENABLE_NS_ASSERTIONS = NO;
				ENABLE_STRICT_OBJC_MSGSEND = YES;
				GCC_C_LANGUAGE_STANDARD = gnu11;
				GCC_NO_COMMON_BLOCKS = YES;
				GCC_WARN_64_TO_32_BIT_CONVERSION = YES;
				GCC_WARN_ABOUT_RETURN_TYPE = YES_ERROR;
				GCC_WARN_UNDECLARED_SELECTOR = YES;
				GCC_WARN_UNINITIALIZED_AUTOS = YES_AGGRESSIVE;
				GCC_WARN_UNUSED_FUNCTION = YES;
				GCC_WARN_UNUSED_VARIABLE = YES;
				IPHONEOS_DEPLOYMENT_TARGET = 15.0;
				MTL_ENABLE_DEBUG_INFO = NO;
				MTL_FAST_MATH = YES;
				SDKROOT = iphoneos;
				SWIFT_COMPILATION_MODE = wholemodule;
				SWIFT_OPTIMIZATION_LEVEL = "-O";
				VALIDATE_PRODUCT = YES;
			};
			name = Release;
		};
		CF8634E4276DBF9E005AFB04 /* Debug */ = {
			isa = XCBuildConfiguration;
			buildSettings = {
				ASSETCATALOG_COMPILER_APPICON_NAME = AppIcon;
				ASSETCATALOG_COMPILER_GLOBAL_ACCENT_COLOR_NAME = AccentColor;
				CODE_SIGN_STYLE = Automatic;
				CURRENT_PROJECT_VERSION = 1;
				DEVELOPMENT_TEAM = XS2R7967QT;
				GENERATE_INFOPLIST_FILE = YES;
				INFOPLIST_FILE = RxSwiftIntro/Info.plist;
				INFOPLIST_KEY_UIApplicationSupportsIndirectInputEvents = YES;
				INFOPLIST_KEY_UILaunchStoryboardName = LaunchScreen;
				INFOPLIST_KEY_UIMainStoryboardFile = Main;
				INFOPLIST_KEY_UISupportedInterfaceOrientations_iPad = "UIInterfaceOrientationPortrait UIInterfaceOrientationPortraitUpsideDown UIInterfaceOrientationLandscapeLeft UIInterfaceOrientationLandscapeRight";
				INFOPLIST_KEY_UISupportedInterfaceOrientations_iPhone = "UIInterfaceOrientationPortrait UIInterfaceOrientationLandscapeLeft UIInterfaceOrientationLandscapeRight";
				LD_RUNPATH_SEARCH_PATHS = (
					"$(inherited)",
					"@executable_path/Frameworks",
				);
				MARKETING_VERSION = 1.0;
				PRODUCT_BUNDLE_IDENTIFIER = cow.iwaski.RxSwiftIntro;
				PRODUCT_NAME = "$(TARGET_NAME)";
				SWIFT_EMIT_LOC_STRINGS = YES;
				SWIFT_VERSION = 5.0;
				TARGETED_DEVICE_FAMILY = "1,2";
			};
			name = Debug;
		};
		CF8634E5276DBF9E005AFB04 /* Release */ = {
			isa = XCBuildConfiguration;
			buildSettings = {
				ASSETCATALOG_COMPILER_APPICON_NAME = AppIcon;
				ASSETCATALOG_COMPILER_GLOBAL_ACCENT_COLOR_NAME = AccentColor;
				CODE_SIGN_STYLE = Automatic;
				CURRENT_PROJECT_VERSION = 1;
				DEVELOPMENT_TEAM = XS2R7967QT;
				GENERATE_INFOPLIST_FILE = YES;
				INFOPLIST_FILE = RxSwiftIntro/Info.plist;
				INFOPLIST_KEY_UIApplicationSupportsIndirectInputEvents = YES;
				INFOPLIST_KEY_UILaunchStoryboardName = LaunchScreen;
				INFOPLIST_KEY_UIMainStoryboardFile = Main;
				INFOPLIST_KEY_UISupportedInterfaceOrientations_iPad = "UIInterfaceOrientationPortrait UIInterfaceOrientationPortraitUpsideDown UIInterfaceOrientationLandscapeLeft UIInterfaceOrientationLandscapeRight";
				INFOPLIST_KEY_UISupportedInterfaceOrientations_iPhone = "UIInterfaceOrientationPortrait UIInterfaceOrientationLandscapeLeft UIInterfaceOrientationLandscapeRight";
				LD_RUNPATH_SEARCH_PATHS = (
					"$(inherited)",
					"@executable_path/Frameworks",
				);
				MARKETING_VERSION = 1.0;
				PRODUCT_BUNDLE_IDENTIFIER = cow.iwaski.RxSwiftIntro;
				PRODUCT_NAME = "$(TARGET_NAME)";
				SWIFT_EMIT_LOC_STRINGS = YES;
				SWIFT_VERSION = 5.0;
				TARGETED_DEVICE_FAMILY = "1,2";
			};
			name = Release;
		};
/* End XCBuildConfiguration section */

/* Begin XCConfigurationList section */
		CF8634CA276DBF9C005AFB04 /* Build configuration list for PBXProject "RxSwiftIntro" */ = {
			isa = XCConfigurationList;
			buildConfigurations = (
				CF8634E1276DBF9E005AFB04 /* Debug */,
				CF8634E2276DBF9E005AFB04 /* Release */,
			);
			defaultConfigurationIsVisible = 0;
			defaultConfigurationName = Release;
		};
		CF8634E3276DBF9E005AFB04 /* Build configuration list for PBXNativeTarget "RxSwiftIntro" */ = {
			isa = XCConfigurationList;
			buildConfigurations = (
				CF8634E4276DBF9E005AFB04 /* Debug */,
				CF8634E5276DBF9E005AFB04 /* Release */,
			);
			defaultConfigurationIsVisible = 0;
			defaultConfigurationName = Release;
		};
/* End XCConfigurationList section */

/* Begin XCRemoteSwiftPackageReference section */
		CF8634E6276DC017005AFB04 /* XCRemoteSwiftPackageReference "RxSwift" */ = {
			isa = XCRemoteSwiftPackageReference;
			repositoryURL = "https://github.com/ReactiveX/RxSwift";
			requirement = {
				kind = upToNextMajorVersion;
				minimumVersion = 6.0.0;
			};
		};
/* End XCRemoteSwiftPackageReference section */

/* Begin XCSwiftPackageProductDependency section */
		CF8634E7276DC017005AFB04 /* RxCocoa */ = {
			isa = XCSwiftPackageProductDependency;
			package = CF8634E6276DC017005AFB04 /* XCRemoteSwiftPackageReference "RxSwift" */;
			productName = RxCocoa;
		};
		CF8634E9276DC017005AFB04 /* RxSwift */ = {
			isa = XCSwiftPackageProductDependency;
			package = CF8634E6276DC017005AFB04 /* XCRemoteSwiftPackageReference "RxSwift" */;
			productName = RxSwift;
		};
/* End XCSwiftPackageProductDependency section */
	};
	rootObject = CF8634C7276DBF9C005AFB04 /* Project object */;
}
